<?xml version="1.0" encoding="utf-8"?>
<Project ToolsVersion="4.0" xmlns="http://schemas.microsoft.com/developer/msbuild/2003">
  <ItemGroup>
    <ClCompile Include="stdafx.cpp">
      <Filter>Source Files</Filter>
    </ClCompile>
    <ClCompile Include="FLACEncoder.cpp">
      <Filter>Source Files</Filter>
    </ClCompile>
    <ClCompile Include="FLACEncoderSettings.cpp">
      <Filter>Source Files</Filter>
    </ClCompile>
    <ClCompile Include="FLACHeaderTweaker.cpp">
      <Filter>Source Files</Filter>
    </ClCompile>
    <ClCompile Include="FLACMetadataSplitter.cpp">
      <Filter>Source Files</Filter>
    </ClCompile>
    <ClCompile Include="FLACPushDecoder.cpp">
      <Filter>Source Files</Filter>
    </ClCompile>
  </ItemGroup>
  <ItemGroup>
    <ClInclude Include="FLACEncoder.h">
      <Filter>Header Files</Filter>
    </ClInclude>
    <ClInclude Include="FLACEncoderSettings.h">
      <Filter>Header Files</Filter>
    </ClInclude>
    <ClInclude Include="FLACHeaderTweaker.h">
      <Filter>Header Files</Filter>
    </ClInclude>
    <ClInclude Include="FLACMetadataSplitter.h">
      <Filter>Header Files</Filter>
    </ClInclude>
    <ClInclude Include="FLACPushDecoder.h">
      <Filter>Header Files</Filter>
    </ClInclude>
    <ClInclude Include="stdafx.h">
      <Filter>Header Files</Filter>
    </ClInclude>
  </ItemGroup>
  <ItemGroup>
    <Filter Include="Header Files">
      <UniqueIdentifier>{376c44cf-b2f6-4887-93dc-4e637e74c7cc}</UniqueIdentifier>
    </Filter>
    <Filter Include="Source Files">
      <UniqueIdentifier>{e405869f-67cc-45ee-b995-1e3c76be4012}</UniqueIdentifier>
    </Filter>
    <Filter Include="Resource Files">
      <UniqueIdentifier>{6de1864c-9bcf-4b97-a795-48bf99a74760}</UniqueIdentifier>
    </Filter>
  </ItemGroup>
</Project>