<?xml version="1.0" encoding="utf-8"?>
<Project ToolsVersion="4.0" xmlns="http://schemas.microsoft.com/developer/msbuild/2003">
  <ItemGroup>
    <Filter Include="Source Files">
      <UniqueIdentifier>{c2a97807-a858-4f07-8cd1-5523af9f2038}</UniqueIdentifier>
      <Extensions>cpp;c;cxx;def;odl;idl;hpj;bat;asm</Extensions>
    </Filter>
    <Filter Include="Header Files">
      <UniqueIdentifier>{01ca4bfd-439a-4c1b-b0f7-06132da42cce}</UniqueIdentifier>
      <Extensions>h;hpp;hxx;hm;inl;inc</Extensions>
    </Filter>
    <Filter Include="Resource Files">
      <UniqueIdentifier>{13bc934b-e5d1-416a-a34d-6618b8435fc9}</UniqueIdentifier>
      <Extensions>rc;ico;cur;bmp;dlg;rc2;rct;bin;rgs;gif;jpg;jpeg;jpe</Extensions>
    </Filter>
  </ItemGroup>
  <ItemGroup>
    <ClCompile Include="SpeexDecodeFilter.cpp">
      <Filter>Source Files</Filter>
    </ClCompile>
    <ClCompile Include="SpeexDecodeInputPin.cpp">
      <Filter>Source Files</Filter>
    </ClCompile>
    <ClCompile Include="SpeexDecodeOutputPin.cpp">
      <Filter>Source Files</Filter>
    </ClCompile>
    <ClCompile Include="speexdecoderdllstuff.cpp">
      <Filter>Source Files</Filter>
    </ClCompile>
    <ClCompile Include="stdafx.cpp">
      <Filter>Source Files</Filter>
    </ClCompile>
  </ItemGroup>
  <ItemGroup>
    <None Include="speexdecoder.def">
      <Filter>Source Files</Filter>
    </None>
  </ItemGroup>
  <ItemGroup>
    <ClInclude Include="fish_cdecl.h">
      <Filter>Header Files</Filter>
    </ClInclude>
    <ClInclude Include="SpeexDecodeFilter.h">
      <Filter>Header Files</Filter>
    </ClInclude>
    <ClInclude Include="SpeexDecodeInputPin.h">
      <Filter>Header Files</Filter>
    </ClInclude>
    <ClInclude Include="SpeexDecodeOutputPin.h">
      <Filter>Header Files</Filter>
    </ClInclude>
    <ClInclude Include="speexdecoderdllstuff.h">
      <Filter>Header Files</Filter>
    </ClInclude>
    <ClInclude Include="stdafx.h">
      <Filter>Header Files</Filter>
    </ClInclude>
  </ItemGroup>
  <ItemGroup>
    <Text Include="ReadMe.txt" />
  </ItemGroup>
</Project>