<?xml version="1.0" encoding="utf-8"?>
<Project ToolsVersion="4.0" xmlns="http://schemas.microsoft.com/developer/msbuild/2003">
  <ItemGroup>
    <Filter Include="Source Files">
      <UniqueIdentifier>{c4c2d84f-4a10-47f3-a7d9-67e21fdff4b8}</UniqueIdentifier>
      <Extensions>cpp;c;cxx;def;odl;idl;hpj;bat;asm</Extensions>
    </Filter>
    <Filter Include="Header Files">
      <UniqueIdentifier>{f10206f1-5381-4aee-a0fc-d41a61ef5d89}</UniqueIdentifier>
      <Extensions>h;hpp;hxx;hm;inl;inc</Extensions>
    </Filter>
    <Filter Include="Resource Files">
      <UniqueIdentifier>{2ddbf541-697b-4305-87e6-2f4036ce5103}</UniqueIdentifier>
      <Extensions>rc;ico;cur;bmp;dlg;rc2;rct;bin;rgs;gif;jpg;jpeg;jpe</Extensions>
    </Filter>
  </ItemGroup>
  <ItemGroup>
    <ClCompile Include="FLACDecodeFilter.cpp">
      <Filter>Source Files</Filter>
    </ClCompile>
    <ClCompile Include="FLACDecodeInputPin.cpp">
      <Filter>Source Files</Filter>
    </ClCompile>
    <ClCompile Include="FLACDecodeOutputPin.cpp">
      <Filter>Source Files</Filter>
    </ClCompile>
    <ClCompile Include="FLACdecoderdllstuff.cpp">
      <Filter>Source Files</Filter>
    </ClCompile>
    <ClCompile Include="stdafx.cpp">
      <Filter>Source Files</Filter>
    </ClCompile>
  </ItemGroup>
  <ItemGroup>
    <None Include="FLACdecoder.def">
      <Filter>Source Files</Filter>
    </None>
  </ItemGroup>
  <ItemGroup>
    <ClInclude Include="FLACDecodeFilter.h">
      <Filter>Header Files</Filter>
    </ClInclude>
    <ClInclude Include="FLACDecodeInputPin.h">
      <Filter>Header Files</Filter>
    </ClInclude>
    <ClInclude Include="FLACDecodeOutputPin.h">
      <Filter>Header Files</Filter>
    </ClInclude>
    <ClInclude Include="FLACdecoderdllstuff.h">
      <Filter>Header Files</Filter>
    </ClInclude>
    <ClInclude Include="stdafx.h">
      <Filter>Header Files</Filter>
    </ClInclude>
  </ItemGroup>
  <ItemGroup>
    <Text Include="ReadMe.txt" />
  </ItemGroup>
</Project>