Microsoft Visual Studio Solution File, Format Version 12.00
# Visual Studio 15
VisualStudioVersion = 15.0.37611.6
MinimumVisualStudioVersion = 10.0.40219.1
Project("{2150E333-8FDC-42A3-9474-1A3956D46DE8}") = "FLAC", "FLAC", "{8F344F6B-6115-4E0F-8132-7509FBCEC07E}"
EndProject
Project("{2150E333-8FDC-42A3-9474-1A3956D46DE8}") = "Theora", "Theora", "{BE2F221F-6AC7-479F-A343-3D6AD5467AD1}"
EndProject
Project("{2150E333-8FDC-42A3-9474-1A3956D46DE8}") = "Vorbis", "Vorbis", "{EADB5C21-7F67-43A3-89C8-7D89FF0040C4}"
EndProject
Project("{2150E333-8FDC-42A3-9474-1A3956D46DE8}") = "Ogg", "Ogg", "{D23A7CD4-0625-44ED-9CA1-6E5302EDBC71}"
EndProject
Project("{8BC9CEB8-8B4A-11D0-8D11-00A0C91BC942}") = "baseclasses", "..\src\lib\core\directshow\BaseClasses\baseclasses.vcxproj", "{4CBC0173-27E6-4218-AE06-5EFDCA7B2547}"
	ProjectSection(WebsiteProperties) = preProject
		Debug.AspNetCompiler.Debug = "True"
		Release.AspNetCompiler.Debug = "False"
	EndProjectSection
EndProject
Project("{8BC9CEB8-8B4A-11D0-8D11-00A0C91BC942}") = "libogg_static", "..\src\lib\core\ogg\libogg\win32\VS2008\libogg_static.vcxproj", "{15CBFEFF-7965-41F5-B4E2-21E8795C9159}"
EndProject
Project("{8BC9CEB8-8B4A-11D0-8D11-00A0C91BC942}") = "libvorbis_static", "..\src\lib\codecs\vorbis\libs\libvorbis\win32\VS2008\libvorbis\libvorbis_static.vcxproj", "{3A214E06-B95E-4D61-A291-1F8DF2EC10FD}"
EndProject
Project("{8BC9CEB8-8B4A-11D0-8D11-00A0C91BC942}") = "libFLAC_static", "..\src\lib\codecs\flac\libs\libflac\src\libFLAC\libFLAC_static.vcxproj", "{4CEFBC84-C215-11DB-8314-0800200C9A66}"
EndProject
Project("{8BC9CEB8-8B4A-11D0-8D11-00A0C91BC942}") = "libFLAC++_static", "..\src\lib\codecs\flac\libs\libflac\src\libFLAC++\libFLAC++_static.vcxproj", "{4CEFBC86-C215-11DB-8314-0800200C9A66}"
EndProject
Project("{8BC9CEB8-8B4A-11D0-8D11-00A0C91BC942}") = "dsfNativeFLACSource", "..\src\lib\codecs\flac\filters\dsfNativeFLACSource\dsfNativeFLACSource.vcxproj", "{43DEE58F-CEC6-49B4-BC06-3D28978BAB63}"
EndProject
Project("{8BC9CEB8-8B4A-11D0-8D11-00A0C91BC942}") = "libDirectshowAbstracts", "..\src\lib\core\directshow\libDirectshowAbstracts\libDirectshowAbstracts.vcxproj", "{EA7091BB-9906-41DF-9738-F4858A136086}"
EndProject
Project("{8BC9CEB8-8B4A-11D0-8D11-00A0C91BC942}") = "dsfOggMux", "..\src\lib\core\directshow\dsfOggMux\dsfOggMux.vcxproj", "{2EBA839A-CE6E-406E-9A43-CC6FB25A78CB}"
	ProjectSection(ProjectDependencies) = postProject
		{223ACC19-608E-4E1B-A054-067F0CACB272} = {223ACC19-608E-4E1B-A054-067F0CACB272}
		{4AB031DA-EB19-4563-A948-00B43393F9D3} = {4AB031DA-EB19-4563-A948-00B43393F9D3}
	EndProjectSection
EndProject
Project("{8BC9CEB8-8B4A-11D0-8D11-00A0C91BC942}") = "dsfFLACDecoder", "..\src\lib\codecs\flac\filters\dsfFLACDecoder\dsfFLACDecoder.vcxproj", "{DE1073F1-71D6-477E-A7C1-6E4F0AACCBF4}"
	ProjectSection(ProjectDependencies) = postProject
		{223ACC19-608E-4E1B-A054-067F0CACB272} = {223ACC19-608E-4E1B-A054-067F0CACB272}
		{4AB031DA-EB19-4563-A948-00B43393F9D3} = {4AB031DA-EB19-4563-A948-00B43393F9D3}
	EndProjectSection
EndProject
Project("{8BC9CEB8-8B4A-11D0-8D11-00A0C91BC942}") = "dsfFLACEncoder", "..\src\lib\codecs\flac\filters\dsfFLACEncoder\dsfFLACEncoder.vcxproj", "{7143478E-0C1A-4C8B-B12C-4BFEF591F36F}"
	ProjectSection(ProjectDependencies) = postProject
		{223ACC19-608E-4E1B-A054-067F0CACB272} = {223ACC19-608E-4E1B-A054-067F0CACB272}
		{4AB031DA-EB19-4563-A948-00B43393F9D3} = {4AB031DA-EB19-4563-A948-00B43393F9D3}
	EndProjectSection
EndProject
Project("{8BC9CEB8-8B4A-11D0-8D11-00A0C91BC942}") = "dsfOggDemux2", "..\src\lib\core\directshow\dsfOggDemux2\dsfOggDemux2.vcxproj", "{304B710A-7355-471C-A4A8-9E8F6D640E6D}"
	ProjectSection(ProjectDependencies) = postProject
		{9A14F6AC-BC6E-401A-A300-07369BD6C5FE} = {9A14F6AC-BC6E-401A-A300-07369BD6C5FE}
	EndProjectSection
EndProject
Project("{8BC9CEB8-8B4A-11D0-8D11-00A0C91BC942}") = "libOOOggSeek", "..\src\lib\core\ogg\libOOOggSeek\libOOOggSeek.vcxproj", "{9A14F6AC-BC6E-401A-A300-07369BD6C5FE}"
EndProject
Project("{8BC9CEB8-8B4A-11D0-8D11-00A0C91BC942}") = "libOOOgg", "..\src\lib\core\ogg\libOOOgg\libOOOgg.vcxproj", "{223ACC19-608E-4E1B-A054-067F0CACB272}"
EndProject
Project("{8BC9CEB8-8B4A-11D0-8D11-00A0C91BC942}") = "dsfTheoraDecoder", "..\src\lib\codecs\theora\filters\dsfTheoraDecoder\dsfTheoraDecoder.vcxproj", "{11CBDFD6-0D73-40C0-95DF-997C5FD873F2}"
EndProject
Project("{8BC9CEB8-8B4A-11D0-8D11-00A0C91BC942}") = "dsfTheoraEncoder", "..\src\lib\codecs\theora\filters\dsfTheoraEncoder\dsfTheoraEncoder.vcxproj", "{8C91066F-5C96-48BB-BD1F-D30FFD2A57A1}"
EndProject
Project("{8BC9CEB8-8B4A-11D0-8D11-00A0C91BC942}") = "dsfVorbisDecoder", "..\src\lib\codecs\vorbis\filters\dsfVorbisDecoder\dsfVorbisDecoder.vcxproj", "{C2B7DBC0-5AB3-46F5-90E9-05EF1B230AE2}"
EndProject
Project("{8BC9CEB8-8B4A-11D0-8D11-00A0C91BC942}") = "dsfVorbisEncoder", "..\src\lib\codecs\vorbis\filters\dsfVorbisEncoder\dsfVorbisEncoder.vcxproj", "{D74A626E-C8CB-4787-913E-2E637FC04F2B}"
EndProject
Project("{8BC9CEB8-8B4A-11D0-8D11-00A0C91BC942}") = "libilliCore", "..\src\lib\helper\libilliCore\libilliCore.vcxproj", "{2DA569EC-3E22-4BC9-A242-C7A56EB9C6F4}"
EndProject
Project("{8BC9CEB8-8B4A-11D0-8D11-00A0C91BC942}") = "libOOTheora", "..\src\lib\codecs\theora\libs\libOOTheora\libOOTheora.vcxproj", "{6B20BD7A-644B-4087-9CAC-71B2D68D0231}"
EndProject
Project("{8BC9CEB8-8B4A-11D0-8D11-00A0C91BC942}") = "libOOVorbis", "..\src\lib\codecs\vorbis\libs\libOOVorbis\libOOVorbis.vcxproj", "{C97A67F9-B786-41FA-9FC9-13167FE2BA49}"
EndProject
Project("{8BC9CEB8-8B4A-11D0-8D11-00A0C91BC942}") = "libtheora_static", "..\src\lib\codecs\theora\libs\libtheora\win32\VS2008\libtheora\libtheora_static.vcxproj", "{653F3841-3F26-49B9-AFCF-091DB4B67031}"
EndProject
Project("{8BC9CEB8-8B4A-11D0-8D11-00A0C91BC942}") = "libtremor", "..\src\lib\codecs\vorbis\libs\libtremor\win32\VS2008\libtremor\libtremor.vcxproj", "{7A8E774E-DD94-43B8-8758-6F9F656CC8D2}"
EndProject
Project("{8BC9CEB8-8B4A-11D0-8D11-00A0C91BC942}") = "libFLACHelper", "..\src\lib\codecs\flac\libs\libFLACHelper\libFLACHelper.vcxproj", "{4AB031DA-EB19-4563-A948-00B43393F9D3}"
EndProject
Project("{8BC9CEB8-8B4A-11D0-8D11-00A0C91BC942}") = "dsfSpeexDecoder", "..\src\lib\codecs\speex\filters\dsfSpeexDecoder\dsfSpeexDecoder.vcxproj", "{3FB9B20E-790A-402F-A02C-B0FBDC5938E3}"
	ProjectSection(ProjectDependencies) = postProject
		{223ACC19-608E-4E1B-A054-067F0CACB272} = {223ACC19-608E-4E1B-A054-067F0CACB272}
		{359DBC2D-2BF1-4A1A-BE81-248268F557CC} = {359DBC2D-2BF1-4A1A-BE81-248268F557CC}
		{E972C52F-9E85-4D65-B19C-031E511E9DB4} = {E972C52F-9E85-4D65-B19C-031E511E9DB4}
		{4CBC0173-27E6-4218-AE06-5EFDCA7B2547} = {4CBC0173-27E6-4218-AE06-5EFDCA7B2547}
		{EA7091BB-9906-41DF-9738-F4858A136086} = {EA7091BB-9906-41DF-9738-F4858A136086}
		{2DA569EC-3E22-4BC9-A242-C7A56EB9C6F4} = {2DA569EC-3E22-4BC9-A242-C7A56EB9C6F4}
	EndProjectSection
EndProject
Project("{2150E333-8FDC-42A3-9474-1A3956D46DE8}") = "Speex", "Speex", "{30AA1F5E-5353-4CC8-B91A-68F219349332}"
EndProject
Project("{8BC9CEB8-8B4A-11D0-8D11-00A0C91BC942}") = "libOOSpeex", "..\src\lib\codecs\speex\libs\libOOSpeex\libOOSpeex.vcxproj", "{359DBC2D-2BF1-4A1A-BE81-248268F557CC}"
EndProject
Project("{8BC9CEB8-8B4A-11D0-8D11-00A0C91BC942}") = "dsfSpeexEncoder", "..\src\lib\codecs\speex\filters\dsfSpeexEncoder\dsfSpeexEncoder.vcxproj", "{419E0701-9C9A-4671-B3B6-79FA206DEE25}"
	ProjectSection(ProjectDependencies) = postProject
		{223ACC19-608E-4E1B-A054-067F0CACB272} = {223ACC19-608E-4E1B-A054-067F0CACB272}
		{359DBC2D-2BF1-4A1A-BE81-248268F557CC} = {359DBC2D-2BF1-4A1A-BE81-248268F557CC}
		{E972C52F-9E85-4D65-B19C-031E511E9DB4} = {E972C52F-9E85-4D65-B19C-031E511E9DB4}
		{4CBC0173-27E6-4218-AE06-5EFDCA7B2547} = {4CBC0173-27E6-4218-AE06-5EFDCA7B2547}
		{EA7091BB-9906-41DF-9738-F4858A136086} = {EA7091BB-9906-41DF-9738-F4858A136086}
		{2DA569EC-3E22-4BC9-A242-C7A56EB9C6F4} = {2DA569EC-3E22-4BC9-A242-C7A56EB9C6F4}
	EndProjectSection
EndProject
Project("{8BC9CEB8-8B4A-11D0-8D11-00A0C91BC942}") = "libspeex", "..\src\lib\codecs\speex\libs\libspeex\libspeex.vcxproj", "{E972C52F-9E85-4D65-B19C-031E511E9DB4}"
EndProject
Global
	GlobalSection(SolutionConfigurationPlatforms) = preSolution
		Debug|Win32 = Debug|Win32
		Debug|x64 = Debug|x64
		Release|Win32 = Release|Win32
		Release|x64 = Release|x64
	EndGlobalSection
	GlobalSection(ProjectConfigurationPlatforms) = postSolution
		{4CBC0173-27E6-4218-AE06-5EFDCA7B2547}.Debug|Win32.ActiveCfg = Debug|Win32
		{4CBC0173-27E6-4218-AE06-5EFDCA7B2547}.Debug|Win32.Build.0 = Debug|Win32
		{4CBC0173-27E6-4218-AE06-5EFDCA7B2547}.Debug|x64.ActiveCfg = Debug|x64
		{4CBC0173-27E6-4218-AE06-5EFDCA7B2547}.Debug|x64.Build.0 = Debug|x64
		{4CBC0173-27E6-4218-AE06-5EFDCA7B2547}.Release|Win32.ActiveCfg = Release|Win32
		{4CBC0173-27E6-4218-AE06-5EFDCA7B2547}.Release|Win32.Build.0 = Release|Win32
		{4CBC0173-27E6-4218-AE06-5EFDCA7B2547}.Release|x64.ActiveCfg = Release|x64
		{4CBC0173-27E6-4218-AE06-5EFDCA7B2547}.Release|x64.Build.0 = Release|x64
		{15CBFEFF-7965-41F5-B4E2-21E8795C9159}.Debug|Win32.ActiveCfg = Debug|Win32
		{15CBFEFF-7965-41F5-B4E2-21E8795C9159}.Debug|Win32.Build.0 = Debug|Win32
		{15CBFEFF-7965-41F5-B4E2-21E8795C9159}.Debug|x64.ActiveCfg = Debug|x64
		{15CBFEFF-7965-41F5-B4E2-21E8795C9159}.Debug|x64.Build.0 = Debug|x64
		{15CBFEFF-7965-41F5-B4E2-21E8795C9159}.Release|Win32.ActiveCfg = Release|Win32
		{15CBFEFF-7965-41F5-B4E2-21E8795C9159}.Release|Win32.Build.0 = Release|Win32
		{15CBFEFF-7965-41F5-B4E2-21E8795C9159}.Release|x64.ActiveCfg = Release|x64
		{15CBFEFF-7965-41F5-B4E2-21E8795C9159}.Release|x64.Build.0 = Release|x64
		{3A214E06-B95E-4D61-A291-1F8DF2EC10FD}.Debug|Win32.ActiveCfg = Debug|Win32
		{3A214E06-B95E-4D61-A291-1F8DF2EC10FD}.Debug|Win32.Build.0 = Debug|Win32
		{3A214E06-B95E-4D61-A291-1F8DF2EC10FD}.Debug|x64.ActiveCfg = Debug|x64
		{3A214E06-B95E-4D61-A291-1F8DF2EC10FD}.Debug|x64.Build.0 = Debug|x64
		{3A214E06-B95E-4D61-A291-1F8DF2EC10FD}.Release|Win32.ActiveCfg = Release|Win32
		{3A214E06-B95E-4D61-A291-1F8DF2EC10FD}.Release|Win32.Build.0 = Release|Win32
		{3A214E06-B95E-4D61-A291-1F8DF2EC10FD}.Release|x64.ActiveCfg = Release|x64
		{3A214E06-B95E-4D61-A291-1F8DF2EC10FD}.Release|x64.Build.0 = Release|x64
		{4CEFBC84-C215-11DB-8314-0800200C9A66}.Debug|Win32.ActiveCfg = Debug|Win32
		{4CEFBC84-C215-11DB-8314-0800200C9A66}.Debug|Win32.Build.0 = Debug|Win32
		{4CEFBC84-C215-11DB-8314-0800200C9A66}.Debug|x64.ActiveCfg = Debug|x64
		{4CEFBC84-C215-11DB-8314-0800200C9A66}.Debug|x64.Build.0 = Debug|x64
		{4CEFBC84-C215-11DB-8314-0800200C9A66}.Release|Win32.ActiveCfg = Release|Win32
		{4CEFBC84-C215-11DB-8314-0800200C9A66}.Release|Win32.Build.0 = Release|Win32
		{4CEFBC84-C215-11DB-8314-0800200C9A66}.Release|x64.ActiveCfg = Release|x64
		{4CEFBC84-C215-11DB-8314-0800200C9A66}.Release|x64.Build.0 = Release|x64
		{4CEFBC86-C215-11DB-8314-0800200C9A66}.Debug|Win32.ActiveCfg = Debug|Win32
		{4CEFBC86-C215-11DB-8314-0800200C9A66}.Debug|Win32.Build.0 = Debug|Win32
		{4CEFBC86-C215-11DB-8314-0800200C9A66}.Debug|x64.ActiveCfg = Debug|x64
		{4CEFBC86-C215-11DB-8314-0800200C9A66}.Debug|x64.Build.0 = Debug|x64
		{4CEFBC86-C215-11DB-8314-0800200C9A66}.Release|Win32.ActiveCfg = Release|Win32
		{4CEFBC86-C215-11DB-8314-0800200C9A66}.Release|Win32.Build.0 = Release|Win32
		{4CEFBC86-C215-11DB-8314-0800200C9A66}.Release|x64.ActiveCfg = Release|x64
		{4CEFBC86-C215-11DB-8314-0800200C9A66}.Release|x64.Build.0 = Release|x64
		{43DEE58F-CEC6-49B4-BC06-3D28978BAB63}.Debug|Win32.ActiveCfg = Debug|Win32
		{43DEE58F-CEC6-49B4-BC06-3D28978BAB63}.Debug|Win32.Build.0 = Debug|Win32
		{43DEE58F-CEC6-49B4-BC06-3D28978BAB63}.Debug|x64.ActiveCfg = Debug|x64
		{43DEE58F-CEC6-49B4-BC06-3D28978BAB63}.Debug|x64.Build.0 = Debug|x64
		{43DEE58F-CEC6-49B4-BC06-3D28978BAB63}.Release|Win32.ActiveCfg = Release|Win32
		{43DEE58F-CEC6-49B4-BC06-3D28978BAB63}.Release|Win32.Build.0 = Release|Win32
		{43DEE58F-CEC6-49B4-BC06-3D28978BAB63}.Release|x64.ActiveCfg = Release|x64
		{43DEE58F-CEC6-49B4-BC06-3D28978BAB63}.Release|x64.Build.0 = Release|x64
		{EA7091BB-9906-41DF-9738-F4858A136086}.Debug|Win32.ActiveCfg = Debug|Win32
		{EA7091BB-9906-41DF-9738-F4858A136086}.Debug|Win32.Build.0 = Debug|Win32
		{EA7091BB-9906-41DF-9738-F4858A136086}.Debug|x64.ActiveCfg = Debug|x64
		{EA7091BB-9906-41DF-9738-F4858A136086}.Debug|x64.Build.0 = Debug|x64
		{EA7091BB-9906-41DF-9738-F4858A136086}.Release|Win32.ActiveCfg = Release|Win32
		{EA7091BB-9906-41DF-9738-F4858A136086}.Release|Win32.Build.0 = Release|Win32
		{EA7091BB-9906-41DF-9738-F4858A136086}.Release|x64.ActiveCfg = Release|x64
		{EA7091BB-9906-41DF-9738-F4858A136086}.Release|x64.Build.0 = Release|x64
		{2EBA839A-CE6E-406E-9A43-CC6FB25A78CB}.Debug|Win32.ActiveCfg = Debug|Win32
		{2EBA839A-CE6E-406E-9A43-CC6FB25A78CB}.Debug|Win32.Build.0 = Debug|Win32
		{2EBA839A-CE6E-406E-9A43-CC6FB25A78CB}.Debug|x64.ActiveCfg = Debug|x64
		{2EBA839A-CE6E-406E-9A43-CC6FB25A78CB}.Debug|x64.Build.0 = Debug|x64
		{2EBA839A-CE6E-406E-9A43-CC6FB25A78CB}.Release|Win32.ActiveCfg = Release|Win32
		{2EBA839A-CE6E-406E-9A43-CC6FB25A78CB}.Release|Win32.Build.0 = Release|Win32
		{2EBA839A-CE6E-406E-9A43-CC6FB25A78CB}.Release|x64.ActiveCfg = Release|x64
		{2EBA839A-CE6E-406E-9A43-CC6FB25A78CB}.Release|x64.Build.0 = Release|x64
		{DE1073F1-71D6-477E-A7C1-6E4F0AACCBF4}.Debug|Win32.ActiveCfg = Debug|Win32
		{DE1073F1-71D6-477E-A7C1-6E4F0AACCBF4}.Debug|Win32.Build.0 = Debug|Win32
		{DE1073F1-71D6-477E-A7C1-6E4F0AACCBF4}.Debug|x64.ActiveCfg = Debug|x64
		{DE1073F1-71D6-477E-A7C1-6E4F0AACCBF4}.Debug|x64.Build.0 = Debug|x64
		{DE1073F1-71D6-477E-A7C1-6E4F0AACCBF4}.Release|Win32.ActiveCfg = Release|Win32
		{DE1073F1-71D6-477E-A7C1-6E4F0AACCBF4}.Release|Win32.Build.0 = Release|Win32
		{DE1073F1-71D6-477E-A7C1-6E4F0AACCBF4}.Release|x64.ActiveCfg = Release|x64
		{DE1073F1-71D6-477E-A7C1-6E4F0AACCBF4}.Release|x64.Build.0 = Release|x64
		{7143478E-0C1A-4C8B-B12C-4BFEF591F36F}.Debug|Win32.ActiveCfg = Debug|Win32
		{7143478E-0C1A-4C8B-B12C-4BFEF591F36F}.Debug|Win32.Build.0 = Debug|Win32
		{7143478E-0C1A-4C8B-B12C-4BFEF591F36F}.Debug|x64.ActiveCfg = Debug|x64
		{7143478E-0C1A-4C8B-B12C-4BFEF591F36F}.Debug|x64.Build.0 = Debug|x64
		{7143478E-0C1A-4C8B-B12C-4BFEF591F36F}.Release|Win32.ActiveCfg = Release|Win32
		{7143478E-0C1A-4C8B-B12C-4BFEF591F36F}.Release|Win32.Build.0 = Release|Win32
		{7143478E-0C1A-4C8B-B12C-4BFEF591F36F}.Release|x64.ActiveCfg = Release|x64
		{7143478E-0C1A-4C8B-B12C-4BFEF591F36F}.Release|x64.Build.0 = Release|x64
		{304B710A-7355-471C-A4A8-9E8F6D640E6D}.Debug|Win32.ActiveCfg = Debug|Win32
		{304B710A-7355-471C-A4A8-9E8F6D640E6D}.Debug|Win32.Build.0 = Debug|Win32
		{304B710A-7355-471C-A4A8-9E8F6D640E6D}.Debug|x64.ActiveCfg = Debug|x64
		{304B710A-7355-471C-A4A8-9E8F6D640E6D}.Debug|x64.Build.0 = Debug|x64
		{304B710A-7355-471C-A4A8-9E8F6D640E6D}.Release|Win32.ActiveCfg = Release|Win32
		{304B710A-7355-471C-A4A8-9E8F6D640E6D}.Release|Win32.Build.0 = Release|Win32
		{304B710A-7355-471C-A4A8-9E8F6D640E6D}.Release|x64.ActiveCfg = Release|x64
		{304B710A-7355-471C-A4A8-9E8F6D640E6D}.Release|x64.Build.0 = Release|x64
		{9A14F6AC-BC6E-401A-A300-07369BD6C5FE}.Debug|Win32.ActiveCfg = Debug|Win32
		{9A14F6AC-BC6E-401A-A300-07369BD6C5FE}.Debug|Win32.Build.0 = Debug|Win32
		{9A14F6AC-BC6E-401A-A300-07369BD6C5FE}.Debug|x64.ActiveCfg = Debug|x64
		{9A14F6AC-BC6E-401A-A300-07369BD6C5FE}.Debug|x64.Build.0 = Debug|x64
		{9A14F6AC-BC6E-401A-A300-07369BD6C5FE}.Release|Win32.ActiveCfg = Release|Win32
		{9A14F6AC-BC6E-401A-A300-07369BD6C5FE}.Release|Win32.Build.0 = Release|Win32
		{9A14F6AC-BC6E-401A-A300-07369BD6C5FE}.Release|x64.ActiveCfg = Release|x64
		{9A14F6AC-BC6E-401A-A300-07369BD6C5FE}.Release|x64.Build.0 = Release|x64
		{223ACC19-608E-4E1B-A054-067F0CACB272}.Debug|Win32.ActiveCfg = Debug|Win32
		{223ACC19-608E-4E1B-A054-067F0CACB272}.Debug|Win32.Build.0 = Debug|Win32
		{223ACC19-608E-4E1B-A054-067F0CACB272}.Debug|x64.ActiveCfg = Debug|x64
		{223ACC19-608E-4E1B-A054-067F0CACB272}.Debug|x64.Build.0 = Debug|x64
		{223ACC19-608E-4E1B-A054-067F0CACB272}.Release|Win32.ActiveCfg = Release|Win32
		{223ACC19-608E-4E1B-A054-067F0CACB272}.Release|Win32.Build.0 = Release|Win32
		{223ACC19-608E-4E1B-A054-067F0CACB272}.Release|x64.ActiveCfg = Release|x64
		{223ACC19-608E-4E1B-A054-067F0CACB272}.Release|x64.Build.0 = Release|x64
		{11CBDFD6-0D73-40C0-95DF-997C5FD873F2}.Debug|Win32.ActiveCfg = Debug|Win32
		{11CBDFD6-0D73-40C0-95DF-997C5FD873F2}.Debug|Win32.Build.0 = Debug|Win32
		{11CBDFD6-0D73-40C0-95DF-997C5FD873F2}.Debug|x64.ActiveCfg = Debug|x64
		{11CBDFD6-0D73-40C0-95DF-997C5FD873F2}.Debug|x64.Build.0 = Debug|x64
		{11CBDFD6-0D73-40C0-95DF-997C5FD873F2}.Release|Win32.ActiveCfg = Release|Win32
		{11CBDFD6-0D73-40C0-95DF-997C5FD873F2}.Release|Win32.Build.0 = Release|Win32
		{11CBDFD6-0D73-40C0-95DF-997C5FD873F2}.Release|x64.ActiveCfg = Release|x64
		{11CBDFD6-0D73-40C0-95DF-997C5FD873F2}.Release|x64.Build.0 = Release|x64
		{8C91066F-5C96-48BB-BD1F-D30FFD2A57A1}.Debug|Win32.ActiveCfg = Debug|Win32
		{8C91066F-5C96-48BB-BD1F-D30FFD2A57A1}.Debug|Win32.Build.0 = Debug|Win32
		{8C91066F-5C96-48BB-BD1F-D30FFD2A57A1}.Debug|x64.ActiveCfg = Debug|x64
		{8C91066F-5C96-48BB-BD1F-D30FFD2A57A1}.Debug|x64.Build.0 = Debug|x64
		{8C91066F-5C96-48BB-BD1F-D30FFD2A57A1}.Release|Win32.ActiveCfg = Release|Win32
		{8C91066F-5C96-48BB-BD1F-D30FFD2A57A1}.Release|Win32.Build.0 = Release|Win32
		{8C91066F-5C96-48BB-BD1F-D30FFD2A57A1}.Release|x64.ActiveCfg = Release|x64
		{8C91066F-5C96-48BB-BD1F-D30FFD2A57A1}.Release|x64.Build.0 = Release|x64
		{C2B7DBC0-5AB3-46F5-90E9-05EF1B230AE2}.Debug|Win32.ActiveCfg = Debug|Win32
		{C2B7DBC0-5AB3-46F5-90E9-05EF1B230AE2}.Debug|Win32.Build.0 = Debug|Win32
		{C2B7DBC0-5AB3-46F5-90E9-05EF1B230AE2}.Debug|x64.ActiveCfg = Debug|x64
		{C2B7DBC0-5AB3-46F5-90E9-05EF1B230AE2}.Debug|x64.Build.0 = Debug|x64
		{C2B7DBC0-5AB3-46F5-90E9-05EF1B230AE2}.Release|Win32.ActiveCfg = Release|Win32
		{C2B7DBC0-5AB3-46F5-90E9-05EF1B230AE2}.Release|Win32.Build.0 = Release|Win32
		{C2B7DBC0-5AB3-46F5-90E9-05EF1B230AE2}.Release|x64.ActiveCfg = Release|x64
		{C2B7DBC0-5AB3-46F5-90E9-05EF1B230AE2}.Release|x64.Build.0 = Release|x64
		{D74A626E-C8CB-4787-913E-2E637FC04F2B}.Debug|Win32.ActiveCfg = Debug|Win32
		{D74A626E-C8CB-4787-913E-2E637FC04F2B}.Debug|Win32.Build.0 = Debug|Win32
		{D74A626E-C8CB-4787-913E-2E637FC04F2B}.Debug|x64.ActiveCfg = Debug|x64
		{D74A626E-C8CB-4787-913E-2E637FC04F2B}.Debug|x64.Build.0 = Debug|x64
		{D74A626E-C8CB-4787-913E-2E637FC04F2B}.Release|Win32.ActiveCfg = Release|Win32
		{D74A626E-C8CB-4787-913E-2E637FC04F2B}.Release|Win32.Build.0 = Release|Win32
		{D74A626E-C8CB-4787-913E-2E637FC04F2B}.Release|x64.ActiveCfg = Release|x64
		{D74A626E-C8CB-4787-913E-2E637FC04F2B}.Release|x64.Build.0 = Release|x64
		{2DA569EC-3E22-4BC9-A242-C7A56EB9C6F4}.Debug|Win32.ActiveCfg = Debug|Win32
		{2DA569EC-3E22-4BC9-A242-C7A56EB9C6F4}.Debug|Win32.Build.0 = Debug|Win32
		{2DA569EC-3E22-4BC9-A242-C7A56EB9C6F4}.Debug|x64.ActiveCfg = Debug|x64
		{2DA569EC-3E22-4BC9-A242-C7A56EB9C6F4}.Debug|x64.Build.0 = Debug|x64
		{2DA569EC-3E22-4BC9-A242-C7A56EB9C6F4}.Release|Win32.ActiveCfg = Release|Win32
		{2DA569EC-3E22-4BC9-A242-C7A56EB9C6F4}.Release|Win32.Build.0 = Release|Win32
		{2DA569EC-3E22-4BC9-A242-C7A56EB9C6F4}.Release|x64.ActiveCfg = Release|x64
		{2DA569EC-3E22-4BC9-A242-C7A56EB9C6F4}.Release|x64.Build.0 = Release|x64
		{6B20BD7A-644B-4087-9CAC-71B2D68D0231}.Debug|Win32.ActiveCfg = Debug|Win32
		{6B20BD7A-644B-4087-9CAC-71B2D68D0231}.Debug|Win32.Build.0 = Debug|Win32
		{6B20BD7A-644B-4087-9CAC-71B2D68D0231}.Debug|x64.ActiveCfg = Debug|x64
		{6B20BD7A-644B-4087-9CAC-71B2D68D0231}.Debug|x64.Build.0 = Debug|x64
		{6B20BD7A-644B-4087-9CAC-71B2D68D0231}.Release|Win32.ActiveCfg = Release|Win32
		{6B20BD7A-644B-4087-9CAC-71B2D68D0231}.Release|Win32.Build.0 = Release|Win32
		{6B20BD7A-644B-4087-9CAC-71B2D68D0231}.Release|x64.ActiveCfg = Release|x64
		{6B20BD7A-644B-4087-9CAC-71B2D68D0231}.Release|x64.Build.0 = Release|x64
		{C97A67F9-B786-41FA-9FC9-13167FE2BA49}.Debug|Win32.ActiveCfg = Debug|Win32
		{C97A67F9-B786-41FA-9FC9-13167FE2BA49}.Debug|Win32.Build.0 = Debug|Win32
		{C97A67F9-B786-41FA-9FC9-13167FE2BA49}.Debug|x64.ActiveCfg = Debug|x64
		{C97A67F9-B786-41FA-9FC9-13167FE2BA49}.Debug|x64.Build.0 = Debug|x64
		{C97A67F9-B786-41FA-9FC9-13167FE2BA49}.Release|Win32.ActiveCfg = Release|Win32
		{C97A67F9-B786-41FA-9FC9-13167FE2BA49}.Release|Win32.Build.0 = Release|Win32
		{C97A67F9-B786-41FA-9FC9-13167FE2BA49}.Release|x64.ActiveCfg = Release|x64
		{C97A67F9-B786-41FA-9FC9-13167FE2BA49}.Release|x64.Build.0 = Release|x64
		{653F3841-3F26-49B9-AFCF-091DB4B67031}.Debug|Win32.ActiveCfg = Debug|Win32
		{653F3841-3F26-49B9-AFCF-091DB4B67031}.Debug|Win32.Build.0 = Debug|Win32
		{653F3841-3F26-49B9-AFCF-091DB4B67031}.Debug|x64.ActiveCfg = Debug|x64
		{653F3841-3F26-49B9-AFCF-091DB4B67031}.Debug|x64.Build.0 = Debug|x64
		{653F3841-3F26-49B9-AFCF-091DB4B67031}.Release|Win32.ActiveCfg = Release|Win32
		{653F3841-3F26-49B9-AFCF-091DB4B67031}.Release|Win32.Build.0 = Release|Win32
		{653F3841-3F26-49B9-AFCF-091DB4B67031}.Release|x64.ActiveCfg = Release|x64
		{653F3841-3F26-49B9-AFCF-091DB4B67031}.Release|x64.Build.0 = Release|x64
		{7A8E774E-DD94-43B8-8758-6F9F656CC8D2}.Debug|Win32.ActiveCfg = Debug|Win32
		{7A8E774E-DD94-43B8-8758-6F9F656CC8D2}.Debug|Win32.Build.0 = Debug|Win32
		{7A8E774E-DD94-43B8-8758-6F9F656CC8D2}.Debug|x64.ActiveCfg = Debug|x64
		{7A8E774E-DD94-43B8-8758-6F9F656CC8D2}.Debug|x64.Build.0 = Debug|x64
		{7A8E774E-DD94-43B8-8758-6F9F656CC8D2}.Release|Win32.ActiveCfg = Release|Win32
		{7A8E774E-DD94-43B8-8758-6F9F656CC8D2}.Release|Win32.Build.0 = Release|Win32
		{7A8E774E-DD94-43B8-8758-6F9F656CC8D2}.Release|x64.ActiveCfg = Release|x64
		{7A8E774E-DD94-43B8-8758-6F9F656CC8D2}.Release|x64.Build.0 = Release|x64
		{4AB031DA-EB19-4563-A948-00B43393F9D3}.Debug|Win32.ActiveCfg = Debug|Win32
		{4AB031DA-EB19-4563-A948-00B43393F9D3}.Debug|Win32.Build.0 = Debug|Win32
		{4AB031DA-EB19-4563-A948-00B43393F9D3}.Debug|x64.ActiveCfg = Debug|x64
		{4AB031DA-EB19-4563-A948-00B43393F9D3}.Debug|x64.Build.0 = Debug|x64
		{4AB031DA-EB19-4563-A948-00B43393F9D3}.Release|Win32.ActiveCfg = Release|Win32
		{4AB031DA-EB19-4563-A948-00B43393F9D3}.Release|Win32.Build.0 = Release|Win32
		{4AB031DA-EB19-4563-A948-00B43393F9D3}.Release|x64.ActiveCfg = Release|x64
		{4AB031DA-EB19-4563-A948-00B43393F9D3}.Release|x64.Build.0 = Release|x64
		{3FB9B20E-790A-402F-A02C-B0FBDC5938E3}.Debug|Win32.ActiveCfg = Debug|Win32
		{3FB9B20E-790A-402F-A02C-B0FBDC5938E3}.Debug|Win32.Build.0 = Debug|Win32
		{3FB9B20E-790A-402F-A02C-B0FBDC5938E3}.Debug|x64.ActiveCfg = Debug|x64
		{3FB9B20E-790A-402F-A02C-B0FBDC5938E3}.Debug|x64.Build.0 = Debug|x64
		{3FB9B20E-790A-402F-A02C-B0FBDC5938E3}.Release|Win32.ActiveCfg = Release|Win32
		{3FB9B20E-790A-402F-A02C-B0FBDC5938E3}.Release|Win32.Build.0 = Release|Win32
		{3FB9B20E-790A-402F-A02C-B0FBDC5938E3}.Release|x64.ActiveCfg = Release|x64
		{3FB9B20E-790A-402F-A02C-B0FBDC5938E3}.Release|x64.Build.0 = Release|x64
		{359DBC2D-2BF1-4A1A-BE81-248268F557CC}.Debug|Win32.ActiveCfg = Debug|Win32
		{359DBC2D-2BF1-4A1A-BE81-248268F557CC}.Debug|Win32.Build.0 = Debug|Win32
		{359DBC2D-2BF1-4A1A-BE81-248268F557CC}.Debug|x64.ActiveCfg = Debug|x64
		{359DBC2D-2BF1-4A1A-BE81-248268F557CC}.Debug|x64.Build.0 = Debug|x64
		{359DBC2D-2BF1-4A1A-BE81-248268F557CC}.Release|Win32.ActiveCfg = Release|Win32
		{359DBC2D-2BF1-4A1A-BE81-248268F557CC}.Release|Win32.Build.0 = Release|Win32
		{359DBC2D-2BF1-4A1A-BE81-248268F557CC}.Release|x64.ActiveCfg = Release|x64
		{359DBC2D-2BF1-4A1A-BE81-248268F557CC}.Release|x64.Build.0 = Release|x64
		{419E0701-9C9A-4671-B3B6-79FA206DEE25}.Debug|Win32.ActiveCfg = Debug|Win32
		{419E0701-9C9A-4671-B3B6-79FA206DEE25}.Debug|Win32.Build.0 = Debug|Win32
		{419E0701-9C9A-4671-B3B6-79FA206DEE25}.Debug|x64.ActiveCfg = Debug|x64
		{419E0701-9C9A-4671-B3B6-79FA206DEE25}.Debug|x64.Build.0 = Debug|x64
		{419E0701-9C9A-4671-B3B6-79FA206DEE25}.Release|Win32.ActiveCfg = Release|Win32
		{419E0701-9C9A-4671-B3B6-79FA206DEE25}.Release|Win32.Build.0 = Release|Win32
		{419E0701-9C9A-4671-B3B6-79FA206DEE25}.Release|x64.ActiveCfg = Release|x64
		{419E0701-9C9A-4671-B3B6-79FA206DEE25}.Release|x64.Build.0 = Release|x64
		{E972C52F-9E85-4D65-B19C-031E511E9DB4}.Debug|Win32.ActiveCfg = Debug|Win32
		{E972C52F-9E85-4D65-B19C-031E511E9DB4}.Debug|Win32.Build.0 = Debug|Win32
		{E972C52F-9E85-4D65-B19C-031E511E9DB4}.Debug|x64.ActiveCfg = Debug|x64
		{E972C52F-9E85-4D65-B19C-031E511E9DB4}.Debug|x64.Build.0 = Debug|x64
		{E972C52F-9E85-4D65-B19C-031E511E9DB4}.Release|Win32.ActiveCfg = Release|Win32
		{E972C52F-9E85-4D65-B19C-031E511E9DB4}.Release|Win32.Build.0 = Release|Win32
		{E972C52F-9E85-4D65-B19C-031E511E9DB4}.Release|x64.ActiveCfg = Release|x64
		{E972C52F-9E85-4D65-B19C-031E511E9DB4}.Release|x64.Build.0 = Release|x64
	EndGlobalSection
	GlobalSection(SolutionProperties) = preSolution
		HideSolutionNode = FALSE
	EndGlobalSection
	GlobalSection(NestedProjects) = preSolution
		{15CBFEFF-7965-41F5-B4E2-21E8795C9159} = {D23A7CD4-0625-44ED-9CA1-6E5302EDBC71}
		{3A214E06-B95E-4D61-A291-1F8DF2EC10FD} = {EADB5C21-7F67-43A3-89C8-7D89FF0040C4}
		{4CEFBC84-C215-11DB-8314-0800200C9A66} = {8F344F6B-6115-4E0F-8132-7509FBCEC07E}
		{4CEFBC86-C215-11DB-8314-0800200C9A66} = {8F344F6B-6115-4E0F-8132-7509FBCEC07E}
		{43DEE58F-CEC6-49B4-BC06-3D28978BAB63} = {8F344F6B-6115-4E0F-8132-7509FBCEC07E}
		{2EBA839A-CE6E-406E-9A43-CC6FB25A78CB} = {D23A7CD4-0625-44ED-9CA1-6E5302EDBC71}
		{DE1073F1-71D6-477E-A7C1-6E4F0AACCBF4} = {8F344F6B-6115-4E0F-8132-7509FBCEC07E}
		{7143478E-0C1A-4C8B-B12C-4BFEF591F36F} = {8F344F6B-6115-4E0F-8132-7509FBCEC07E}
		{304B710A-7355-471C-A4A8-9E8F6D640E6D} = {D23A7CD4-0625-44ED-9CA1-6E5302EDBC71}
		{9A14F6AC-BC6E-401A-A300-07369BD6C5FE} = {D23A7CD4-0625-44ED-9CA1-6E5302EDBC71}
		{223ACC19-608E-4E1B-A054-067F0CACB272} = {D23A7CD4-0625-44ED-9CA1-6E5302EDBC71}
		{11CBDFD6-0D73-40C0-95DF-997C5FD873F2} = {BE2F221F-6AC7-479F-A343-3D6AD5467AD1}
		{8C91066F-5C96-48BB-BD1F-D30FFD2A57A1} = {BE2F221F-6AC7-479F-A343-3D6AD5467AD1}
		{C2B7DBC0-5AB3-46F5-90E9-05EF1B230AE2} = {EADB5C21-7F67-43A3-89C8-7D89FF0040C4}
		{D74A626E-C8CB-4787-913E-2E637FC04F2B} = {EADB5C21-7F67-43A3-89C8-7D89FF0040C4}
		{6B20BD7A-644B-4087-9CAC-71B2D68D0231} = {BE2F221F-6AC7-479F-A343-3D6AD5467AD1}
		{C97A67F9-B786-41FA-9FC9-13167FE2BA49} = {EADB5C21-7F67-43A3-89C8-7D89FF0040C4}
		{653F3841-3F26-49B9-AFCF-091DB4B67031} = {BE2F221F-6AC7-479F-A343-3D6AD5467AD1}
		{7A8E774E-DD94-43B8-8758-6F9F656CC8D2} = {EADB5C21-7F67-43A3-89C8-7D89FF0040C4}
		{4AB031DA-EB19-4563-A948-00B43393F9D3} = {8F344F6B-6115-4E0F-8132-7509FBCEC07E}
		{3FB9B20E-790A-402F-A02C-B0FBDC5938E3} = {30AA1F5E-5353-4CC8-B91A-68F219349332}
		{359DBC2D-2BF1-4A1A-BE81-248268F557CC} = {30AA1F5E-5353-4CC8-B91A-68F219349332}
		{419E0701-9C9A-4671-B3B6-79FA206DEE25} = {30AA1F5E-5353-4CC8-B91A-68F219349332}
		{E972C52F-9E85-4D65-B19C-031E511E9DB4} = {30AA1F5E-5353-4CC8-B91A-68F219349332}
	EndGlobalSection
	GlobalSection(ExtensibilityGlobals) = postSolution
		SolutionGuid = {E788254D-5F02-40D0-A5B8-5DAAA1AE6167}
	EndGlobalSection
EndGlobal
