<?xml version="1.0" encoding="utf-8"?>
<Project ToolsVersion="4.0" xmlns="http://schemas.microsoft.com/developer/msbuild/2003">
  <ItemGroup>
    <Filter Include="Source Files">
      <UniqueIdentifier>{ce552401-f5d9-450e-9f65-3dede9cbe369}</UniqueIdentifier>
      <Extensions>cpp;c;cxx;def;odl;idl;hpj;bat;asm</Extensions>
    </Filter>
    <Filter Include="Header Files">
      <UniqueIdentifier>{f54d303e-76de-4bce-9b9d-20be872cd3d2}</UniqueIdentifier>
      <Extensions>h;hpp;hxx;hm;inl;inc</Extensions>
    </Filter>
    <Filter Include="Resource Files">
      <UniqueIdentifier>{1c9b6ed3-9c28-4a42-8c50-f871ec8413a4}</UniqueIdentifier>
      <Extensions>rc;ico;cur;bmp;dlg;rc2;rct;bin;rgs;gif;jpg;jpeg;jpe</Extensions>
    </Filter>
  </ItemGroup>
  <ItemGroup>
    <ClCompile Include="dsfOggMux.cpp">
      <Filter>Source Files</Filter>
    </ClCompile>
    <ClCompile Include="oggmuxdllstuff.cpp">
      <Filter>Source Files</Filter>
    </ClCompile>
    <ClCompile Include="OggMuxFilter.cpp">
      <Filter>Source Files</Filter>
    </ClCompile>
    <ClCompile Include="OggMuxInputPin.cpp">
      <Filter>Source Files</Filter>
    </ClCompile>
    <ClCompile Include="stdafx.cpp">
      <Filter>Source Files</Filter>
    </ClCompile>
  </ItemGroup>
  <ItemGroup>
    <None Include="OggMux.def">
      <Filter>Source Files</Filter>
    </None>
  </ItemGroup>
  <ItemGroup>
    <ClInclude Include="IOggMuxProgress.h">
      <Filter>Header Files</Filter>
    </ClInclude>
    <ClInclude Include="IOggMuxSettings.h">
      <Filter>Header Files</Filter>
    </ClInclude>
    <ClInclude Include="oggmuxdllstuff.h">
      <Filter>Header Files</Filter>
    </ClInclude>
    <ClInclude Include="OggMuxFilter.h">
      <Filter>Header Files</Filter>
    </ClInclude>
    <ClInclude Include="OggMuxInputPin.h">
      <Filter>Header Files</Filter>
    </ClInclude>
    <ClInclude Include="PropsOggMux.h">
      <Filter>Header Files</Filter>
    </ClInclude>
    <ClInclude Include="resource.h">
      <Filter>Header Files</Filter>
    </ClInclude>
    <ClInclude Include="stdafx.h">
      <Filter>Header Files</Filter>
    </ClInclude>
  </ItemGroup>
  <ItemGroup>
    <Text Include="ReadMe.txt" />
  </ItemGroup>
</Project>